{
  "name": "projectdirectory-selt_2024_team_008",
  "version": "1.0.0",
  "lockfileVersion": 3,
  "requires": true,
  "packages": {
    "": {
      "name": "projectdirectory-selt_2024_team_008",
      "version": "1.0.0",
      "dependencies": {
        "@rails/actioncable": "^8.0.0"
      }
    },
    "node_modules/@rails/actioncable": {
      "version": "8.0.0",
      "resolved": "https://registry.npmjs.org/@rails/actioncable/-/actioncable-8.0.0.tgz",
      "integrity": "sha512-9IXyJeaBggOzlD3pF4/yWELdyUWZm/KTyKBRqxNf9laLBXPqxJt3t6fO+X4s0WajMR8cIhzkxvq1gxsXVbn3LA=="
    }
  }
}
